---
label: Block
hide_body: true
fields:
- name: title
  type: text
  config:
    required: true
  label: Name
  description: "<strong>Developer Note: </strong>The filesystem name for the block
    and the class name applied to all instances of the block. This must be formatted
    in slug-case like <strong>my-class-name</strong>. Do not modify if you do not
    know what you're doing!"
- name: themes
  type: tag_list
  default: []
  label: Theme Classes
  description: "<strong>Developer Note: </strong>The class name of any themes available
    to an individual instance of the block. Theme classes must be formatted in slug-case
    like <strong>my-class-name</strong>."
